
Microsoft Visual Studio Solution File, Format Version 12.00
# Visual Studio 15
VisualStudioVersion = 15.0.28307.421
MinimumVisualStudioVersion = 10.0.40219.1
Project("{9A19103F-16F7-4668-BE54-9A1E7A4F7556}") = "NowVN.Framework", "NowVN.Framework\NowVN.Framework.csproj", "{EA7EC162-6DC1-4CE3-B4B6-1EEA06180629}"
EndProject
Project("{9A19103F-16F7-4668-BE54-9A1E7A4F7556}") = "NowVN.Logic", "NowVN.Logic\NowVN.Logic.csproj", "{C66C8CE2-53FB-41AC-AE51-D5660675F837}"
EndProject
Project("{00D1A9C2-B5F0-4AF3-8072-F6C62B433612}") = "NowVN.Database", "NowVN.Database\NowVN.Database.sqlproj", "{AFA15B8F-23DE-4C70-A5D6-0258C3E34342}"
EndProject
Project("{9A19103F-16F7-4668-BE54-9A1E7A4F7556}") = "NowVN.WebAPI", "NowVN.WebAPI\NowVN.WebAPI.csproj", "{53A5E4A3-E7F7-46A6-8D50-9FFAB61D71AB}"
EndProject
Global
	GlobalSection(SolutionConfigurationPlatforms) = preSolution
		Debug|Any CPU = Debug|Any CPU
		Release|Any CPU = Release|Any CPU
	EndGlobalSection
	GlobalSection(ProjectConfigurationPlatforms) = postSolution
		{EA7EC162-6DC1-4CE3-B4B6-1EEA06180629}.Debug|Any CPU.ActiveCfg = Debug|Any CPU
		{EA7EC162-6DC1-4CE3-B4B6-1EEA06180629}.Debug|Any CPU.Build.0 = Debug|Any CPU
		{EA7EC162-6DC1-4CE3-B4B6-1EEA06180629}.Release|Any CPU.ActiveCfg = Release|Any CPU
		{EA7EC162-6DC1-4CE3-B4B6-1EEA06180629}.Release|Any CPU.Build.0 = Release|Any CPU
		{C66C8CE2-53FB-41AC-AE51-D5660675F837}.Debug|Any CPU.ActiveCfg = Debug|Any CPU
		{C66C8CE2-53FB-41AC-AE51-D5660675F837}.Debug|Any CPU.Build.0 = Debug|Any CPU
		{C66C8CE2-53FB-41AC-AE51-D5660675F837}.Release|Any CPU.ActiveCfg = Release|Any CPU
		{C66C8CE2-53FB-41AC-AE51-D5660675F837}.Release|Any CPU.Build.0 = Release|Any CPU
		{AFA15B8F-23DE-4C70-A5D6-0258C3E34342}.Debug|Any CPU.ActiveCfg = Debug|Any CPU
		{AFA15B8F-23DE-4C70-A5D6-0258C3E34342}.Debug|Any CPU.Build.0 = Debug|Any CPU
		{AFA15B8F-23DE-4C70-A5D6-0258C3E34342}.Debug|Any CPU.Deploy.0 = Debug|Any CPU
		{AFA15B8F-23DE-4C70-A5D6-0258C3E34342}.Release|Any CPU.ActiveCfg = Release|Any CPU
		{AFA15B8F-23DE-4C70-A5D6-0258C3E34342}.Release|Any CPU.Build.0 = Release|Any CPU
		{AFA15B8F-23DE-4C70-A5D6-0258C3E34342}.Release|Any CPU.Deploy.0 = Release|Any CPU
		{53A5E4A3-E7F7-46A6-8D50-9FFAB61D71AB}.Debug|Any CPU.ActiveCfg = Debug|Any CPU
		{53A5E4A3-E7F7-46A6-8D50-9FFAB61D71AB}.Debug|Any CPU.Build.0 = Debug|Any CPU
		{53A5E4A3-E7F7-46A6-8D50-9FFAB61D71AB}.Release|Any CPU.ActiveCfg = Release|Any CPU
		{53A5E4A3-E7F7-46A6-8D50-9FFAB61D71AB}.Release|Any CPU.Build.0 = Release|Any CPU
	EndGlobalSection
	GlobalSection(SolutionProperties) = preSolution
		HideSolutionNode = FALSE
	EndGlobalSection
	GlobalSection(ExtensibilityGlobals) = postSolution
		SolutionGuid = {2C841678-7BDF-43A4-BC34-BAA501FDE5E8}
	EndGlobalSection
EndGlobal
